
Microsoft Visual Studio Solution File, Format Version 12.00
# Visual Studio Version 17
VisualStudioVersion = 17.0.31903.59
MinimumVisualStudioVersion = 10.0.40219.1
Project("{FAE04EC0-301F-11D3-BF4B-00C04F79EFBC}") = "RightSize", "RightSize\RightSize.csproj", "{C9CB3FB8-B8B4-489E-A5EA-F9EED0D8997D}"
EndProject
Project("{FAE04EC0-301F-11D3-BF4B-00C04F79EFBC}") = "ChangeString", "ChangeString\ChangeString.csproj", "{87BB1E11-87D4-440A-974C-5E452415720C}"
EndProject
Project("{FAE04EC0-301F-11D3-BF4B-00C04F79EFBC}") = "ArrayMul", "ArrayMul\ArrayMul.csproj", "{BD6F74B5-182E-4DCD-93CF-4003E4E811FE}"
EndProject
Project("{FAE04EC0-301F-11D3-BF4B-00C04F79EFBC}") = "HeroPerk", "HeroPerk\HeroPerk.csproj", "{543608A8-9DE7-4675-967D-A1E0E333E374}"
EndProject
Project("{FAE04EC0-301F-11D3-BF4B-00C04F79EFBC}") = "TrapAnalyzer", "TrapAnalyzer\TrapAnalyzer.csproj", "{F55E5696-58CB-4E35-AAD1-943CAB6D4AB5}"
EndProject
Project("{FAE04EC0-301F-11D3-BF4B-00C04F79EFBC}") = "Pow2Until", "Pow2Until\Pow2Until.csproj", "{904A2D97-F087-4F21-95D7-9266BBD1FABD}"
EndProject
Project("{FAE04EC0-301F-11D3-BF4B-00C04F79EFBC}") = "FamousQuotes", "FamousQuotes\FamousQuotes.csproj", "{BECCF060-4292-4E3D-AB9E-5B07E476BA7E}"
EndProject
Project("{FAE04EC0-301F-11D3-BF4B-00C04F79EFBC}") = "RoPaSci", "RoPaSci\RoPaSci.csproj", "{C77A13AF-966C-4D56-AB61-A48ADC7FBF8C}"
EndProject
Global
	GlobalSection(SolutionConfigurationPlatforms) = preSolution
		Debug|Any CPU = Debug|Any CPU
		Release|Any CPU = Release|Any CPU
	EndGlobalSection
	GlobalSection(SolutionProperties) = preSolution
		HideSolutionNode = FALSE
	EndGlobalSection
	GlobalSection(ProjectConfigurationPlatforms) = postSolution
		{C9CB3FB8-B8B4-489E-A5EA-F9EED0D8997D}.Debug|Any CPU.ActiveCfg = Debug|Any CPU
		{C9CB3FB8-B8B4-489E-A5EA-F9EED0D8997D}.Debug|Any CPU.Build.0 = Debug|Any CPU
		{C9CB3FB8-B8B4-489E-A5EA-F9EED0D8997D}.Release|Any CPU.ActiveCfg = Release|Any CPU
		{C9CB3FB8-B8B4-489E-A5EA-F9EED0D8997D}.Release|Any CPU.Build.0 = Release|Any CPU
		{87BB1E11-87D4-440A-974C-5E452415720C}.Debug|Any CPU.ActiveCfg = Debug|Any CPU
		{87BB1E11-87D4-440A-974C-5E452415720C}.Debug|Any CPU.Build.0 = Debug|Any CPU
		{87BB1E11-87D4-440A-974C-5E452415720C}.Release|Any CPU.ActiveCfg = Release|Any CPU
		{87BB1E11-87D4-440A-974C-5E452415720C}.Release|Any CPU.Build.0 = Release|Any CPU
		{BD6F74B5-182E-4DCD-93CF-4003E4E811FE}.Debug|Any CPU.ActiveCfg = Debug|Any CPU
		{BD6F74B5-182E-4DCD-93CF-4003E4E811FE}.Debug|Any CPU.Build.0 = Debug|Any CPU
		{BD6F74B5-182E-4DCD-93CF-4003E4E811FE}.Release|Any CPU.ActiveCfg = Release|Any CPU
		{BD6F74B5-182E-4DCD-93CF-4003E4E811FE}.Release|Any CPU.Build.0 = Release|Any CPU
		{543608A8-9DE7-4675-967D-A1E0E333E374}.Debug|Any CPU.ActiveCfg = Debug|Any CPU
		{543608A8-9DE7-4675-967D-A1E0E333E374}.Debug|Any CPU.Build.0 = Debug|Any CPU
		{543608A8-9DE7-4675-967D-A1E0E333E374}.Release|Any CPU.ActiveCfg = Release|Any CPU
		{543608A8-9DE7-4675-967D-A1E0E333E374}.Release|Any CPU.Build.0 = Release|Any CPU
		{F55E5696-58CB-4E35-AAD1-943CAB6D4AB5}.Debug|Any CPU.ActiveCfg = Debug|Any CPU
		{F55E5696-58CB-4E35-AAD1-943CAB6D4AB5}.Debug|Any CPU.Build.0 = Debug|Any CPU
		{F55E5696-58CB-4E35-AAD1-943CAB6D4AB5}.Release|Any CPU.ActiveCfg = Release|Any CPU
		{F55E5696-58CB-4E35-AAD1-943CAB6D4AB5}.Release|Any CPU.Build.0 = Release|Any CPU
		{904A2D97-F087-4F21-95D7-9266BBD1FABD}.Debug|Any CPU.ActiveCfg = Debug|Any CPU
		{904A2D97-F087-4F21-95D7-9266BBD1FABD}.Debug|Any CPU.Build.0 = Debug|Any CPU
		{904A2D97-F087-4F21-95D7-9266BBD1FABD}.Release|Any CPU.ActiveCfg = Release|Any CPU
		{904A2D97-F087-4F21-95D7-9266BBD1FABD}.Release|Any CPU.Build.0 = Release|Any CPU
		{BECCF060-4292-4E3D-AB9E-5B07E476BA7E}.Debug|Any CPU.ActiveCfg = Debug|Any CPU
		{BECCF060-4292-4E3D-AB9E-5B07E476BA7E}.Debug|Any CPU.Build.0 = Debug|Any CPU
		{BECCF060-4292-4E3D-AB9E-5B07E476BA7E}.Release|Any CPU.ActiveCfg = Release|Any CPU
		{BECCF060-4292-4E3D-AB9E-5B07E476BA7E}.Release|Any CPU.Build.0 = Release|Any CPU
		{C77A13AF-966C-4D56-AB61-A48ADC7FBF8C}.Debug|Any CPU.ActiveCfg = Debug|Any CPU
		{C77A13AF-966C-4D56-AB61-A48ADC7FBF8C}.Debug|Any CPU.Build.0 = Debug|Any CPU
		{C77A13AF-966C-4D56-AB61-A48ADC7FBF8C}.Release|Any CPU.ActiveCfg = Release|Any CPU
		{C77A13AF-966C-4D56-AB61-A48ADC7FBF8C}.Release|Any CPU.Build.0 = Release|Any CPU
	EndGlobalSection
EndGlobal
